
Microsoft Visual Studio Solution File, Format Version 12.00
# Visual Studio 15
VisualStudioVersion = 15.0.28307.136
MinimumVisualStudioVersion = 10.0.40219.1
Project("{FAE04EC0-301F-11D3-BF4B-00C04F79EFBC}") = "UserSubscriptionsManagement.Domain", "UserSubscriptionsManagement.Domain\UserSubscriptionsManagement.Domain.csproj", "{62580D4A-30FF-438B-BC5C-D325D27EF349}"
EndProject
Project("{FAE04EC0-301F-11D3-BF4B-00C04F79EFBC}") = "UserSubscriptionsManagement.Infrastructure", "UserSubscriptionsManagement.Infrastructure\UserSubscriptionsManagement.Infrastructure.csproj", "{4A7DB12A-9C6D-441F-B84F-9C9F3E96CC1F}"
EndProject
Project("{2150E333-8FDC-42A3-9474-1A3956D46DE8}") = "Core", "Core", "{1EC26AD4-EB32-4376-A12E-61C34F69DE60}"
EndProject
Project("{2150E333-8FDC-42A3-9474-1A3956D46DE8}") = "Business", "Business", "{DDF2AA3D-03BC-465C-83CD-EEC55E36FD48}"
EndProject
Project("{2150E333-8FDC-42A3-9474-1A3956D46DE8}") = "Infrastructure", "Infrastructure", "{B101187E-5DFF-465D-9F55-33C1C020CF42}"
EndProject
Project("{FAE04EC0-301F-11D3-BF4B-00C04F79EFBC}") = "UserSubscriptionsManagement.Services", "UserSubscriptionsManagement.Services\UserSubscriptionsManagement.Services.csproj", "{54C32DD1-84D4-481D-9746-E66F64C3A087}"
EndProject
Global
	GlobalSection(SolutionConfigurationPlatforms) = preSolution
		Debug|Any CPU = Debug|Any CPU
		Release|Any CPU = Release|Any CPU
	EndGlobalSection
	GlobalSection(ProjectConfigurationPlatforms) = postSolution
		{62580D4A-30FF-438B-BC5C-D325D27EF349}.Debug|Any CPU.ActiveCfg = Debug|Any CPU
		{62580D4A-30FF-438B-BC5C-D325D27EF349}.Debug|Any CPU.Build.0 = Debug|Any CPU
		{62580D4A-30FF-438B-BC5C-D325D27EF349}.Release|Any CPU.ActiveCfg = Release|Any CPU
		{62580D4A-30FF-438B-BC5C-D325D27EF349}.Release|Any CPU.Build.0 = Release|Any CPU
		{4A7DB12A-9C6D-441F-B84F-9C9F3E96CC1F}.Debug|Any CPU.ActiveCfg = Debug|Any CPU
		{4A7DB12A-9C6D-441F-B84F-9C9F3E96CC1F}.Debug|Any CPU.Build.0 = Debug|Any CPU
		{4A7DB12A-9C6D-441F-B84F-9C9F3E96CC1F}.Release|Any CPU.ActiveCfg = Release|Any CPU
		{4A7DB12A-9C6D-441F-B84F-9C9F3E96CC1F}.Release|Any CPU.Build.0 = Release|Any CPU
		{54C32DD1-84D4-481D-9746-E66F64C3A087}.Debug|Any CPU.ActiveCfg = Debug|Any CPU
		{54C32DD1-84D4-481D-9746-E66F64C3A087}.Debug|Any CPU.Build.0 = Debug|Any CPU
		{54C32DD1-84D4-481D-9746-E66F64C3A087}.Release|Any CPU.ActiveCfg = Release|Any CPU
		{54C32DD1-84D4-481D-9746-E66F64C3A087}.Release|Any CPU.Build.0 = Release|Any CPU
	EndGlobalSection
	GlobalSection(SolutionProperties) = preSolution
		HideSolutionNode = FALSE
	EndGlobalSection
	GlobalSection(ExtensibilityGlobals) = postSolution
		SolutionGuid = {7412705E-7659-4264-9A9F-D8E785348A22}
	EndGlobalSection
EndGlobal
